
Microsoft Visual Studio Solution File, Format Version 12.00
# Visual Studio Version 17
VisualStudioVersion = 17.6.33801.468
MinimumVisualStudioVersion = 10.0.40219.1
Project("{FAE04EC0-301F-11D3-BF4B-00C04F79EFBC}") = "Dotnet7API", "Dotnet7API.csproj", "{BD8999F1-B445-44AD-839C-E1EA07BF212B}"
EndProject
Global
	GlobalSection(SolutionConfigurationPlatforms) = preSolution
		Debug|Any CPU = Debug|Any CPU
		Release|Any CPU = Release|Any CPU
	EndGlobalSection
	GlobalSection(ProjectConfigurationPlatforms) = postSolution
		{BD8999F1-B445-44AD-839C-E1EA07BF212B}.Debug|Any CPU.ActiveCfg = Debug|Any CPU
		{BD8999F1-B445-44AD-839C-E1EA07BF212B}.Debug|Any CPU.Build.0 = Debug|Any CPU
		{BD8999F1-B445-44AD-839C-E1EA07BF212B}.Release|Any CPU.ActiveCfg = Release|Any CPU
		{BD8999F1-B445-44AD-839C-E1EA07BF212B}.Release|Any CPU.Build.0 = Release|Any CPU
	EndGlobalSection
	GlobalSection(SolutionProperties) = preSolution
		HideSolutionNode = FALSE
	EndGlobalSection
	GlobalSection(ExtensibilityGlobals) = postSolution
		SolutionGuid = {F5832C5C-DF57-4BA7-92BA-88B6D9C41F83}
	EndGlobalSection
EndGlobal
